
Microsoft Visual Studio Solution File, Format Version 12.00
# Visual Studio Version 17
VisualStudioVersion = 17.13.35931.197 d17.13
MinimumVisualStudioVersion = 10.0.40219.1
Project("{FAE04EC0-301F-11D3-BF4B-00C04F79EFBC}") = "SkiaSharpTest", "SkiaSharpTest\SkiaSharpTest.csproj", "{01E2DCB1-F8C2-4BF3-B080-8A8F1BE5F56B}"
EndProject
Global
	GlobalSection(SolutionConfigurationPlatforms) = preSolution
		Debug|Any CPU = Debug|Any CPU
		Release|Any CPU = Release|Any CPU
	EndGlobalSection
	GlobalSection(ProjectConfigurationPlatforms) = postSolution
		{01E2DCB1-F8C2-4BF3-B080-8A8F1BE5F56B}.Debug|Any CPU.ActiveCfg = Debug|Any CPU
		{01E2DCB1-F8C2-4BF3-B080-8A8F1BE5F56B}.Debug|Any CPU.Build.0 = Debug|Any CPU
		{01E2DCB1-F8C2-4BF3-B080-8A8F1BE5F56B}.Release|Any CPU.ActiveCfg = Release|Any CPU
		{01E2DCB1-F8C2-4BF3-B080-8A8F1BE5F56B}.Release|Any CPU.Build.0 = Release|Any CPU
	EndGlobalSection
	GlobalSection(SolutionProperties) = preSolution
		HideSolutionNode = FALSE
	EndGlobalSection
	GlobalSection(ExtensibilityGlobals) = postSolution
		SolutionGuid = {73875E9A-02DF-4B42-B009-BFEB003095E7}
	EndGlobalSection
EndGlobal
